
Microsoft Visual Studio Solution File, Format Version 12.00
# Visual Studio Version 17
VisualStudioVersion = 17.1.32421.90
MinimumVisualStudioVersion = 10.0.40219.1
Project("{9A19103F-16F7-4668-BE54-9A1E7A4F7556}") = "Profile.API", "Profile.API\Profile.API.csproj", "{81EEF0CD-74C8-45F1-8E55-ECCC359F39C4}"
EndProject
Project("{FAE04EC0-301F-11D3-BF4B-00C04F79EFBC}") = "Profile.Domain", "Profile.Domain\Profile.Domain.csproj", "{D2D5EAA5-9CE6-4182-9C3A-9A4E29E631B6}"
EndProject
Project("{FAE04EC0-301F-11D3-BF4B-00C04F79EFBC}") = "Profile.Infra.Data", "Profile.Infra.Data\Profile.Infra.Data.csproj", "{FFECC501-C14E-437E-9431-BC8C2519FCD7}"
EndProject
Project("{FAE04EC0-301F-11D3-BF4B-00C04F79EFBC}") = "Profile.Application", "Profile.Application\Profile.Application.csproj", "{21D61579-249C-40D7-B12D-A46D1B4A13B5}"
EndProject
Global
	GlobalSection(SolutionConfigurationPlatforms) = preSolution
		Debug|Any CPU = Debug|Any CPU
		Release|Any CPU = Release|Any CPU
	EndGlobalSection
	GlobalSection(ProjectConfigurationPlatforms) = postSolution
		{81EEF0CD-74C8-45F1-8E55-ECCC359F39C4}.Debug|Any CPU.ActiveCfg = Debug|Any CPU
		{81EEF0CD-74C8-45F1-8E55-ECCC359F39C4}.Debug|Any CPU.Build.0 = Debug|Any CPU
		{81EEF0CD-74C8-45F1-8E55-ECCC359F39C4}.Release|Any CPU.ActiveCfg = Release|Any CPU
		{81EEF0CD-74C8-45F1-8E55-ECCC359F39C4}.Release|Any CPU.Build.0 = Release|Any CPU
		{D2D5EAA5-9CE6-4182-9C3A-9A4E29E631B6}.Debug|Any CPU.ActiveCfg = Debug|Any CPU
		{D2D5EAA5-9CE6-4182-9C3A-9A4E29E631B6}.Debug|Any CPU.Build.0 = Debug|Any CPU
		{D2D5EAA5-9CE6-4182-9C3A-9A4E29E631B6}.Release|Any CPU.ActiveCfg = Release|Any CPU
		{D2D5EAA5-9CE6-4182-9C3A-9A4E29E631B6}.Release|Any CPU.Build.0 = Release|Any CPU
		{FFECC501-C14E-437E-9431-BC8C2519FCD7}.Debug|Any CPU.ActiveCfg = Debug|Any CPU
		{FFECC501-C14E-437E-9431-BC8C2519FCD7}.Debug|Any CPU.Build.0 = Debug|Any CPU
		{FFECC501-C14E-437E-9431-BC8C2519FCD7}.Release|Any CPU.ActiveCfg = Release|Any CPU
		{FFECC501-C14E-437E-9431-BC8C2519FCD7}.Release|Any CPU.Build.0 = Release|Any CPU
		{21D61579-249C-40D7-B12D-A46D1B4A13B5}.Debug|Any CPU.ActiveCfg = Debug|Any CPU
		{21D61579-249C-40D7-B12D-A46D1B4A13B5}.Debug|Any CPU.Build.0 = Debug|Any CPU
		{21D61579-249C-40D7-B12D-A46D1B4A13B5}.Release|Any CPU.ActiveCfg = Release|Any CPU
		{21D61579-249C-40D7-B12D-A46D1B4A13B5}.Release|Any CPU.Build.0 = Release|Any CPU
	EndGlobalSection
	GlobalSection(SolutionProperties) = preSolution
		HideSolutionNode = FALSE
	EndGlobalSection
	GlobalSection(ExtensibilityGlobals) = postSolution
		SolutionGuid = {644FF876-DB4B-47E0-8C09-15EBEF72996F}
	EndGlobalSection
EndGlobal
